{"fusio/worker":{"operations":{"get":{"path":"/","method":"GET","return":{"code":200,"schema":{"type":"reference","target":"About"}},"arguments":[],"throws":[{"code":999,"schema":{"type":"reference","target":"Message"}}],"description":"","stability":1,"security":[],"authorization":true,"tags":[]},"execute":{"path":"/:action","method":"POST","return":{"code":200,"schema":{"type":"reference","target":"Response"}},"arguments":{"action":{"in":"path","schema":{"type":"string"}},"payload":{"in":"body","schema":{"type":"reference","target":"Execute"}}},"throws":[{"code":999,"schema":{"type":"reference","target":"Message"}}],"description":"","stability":1,"security":[],"authorization":true,"tags":[]},"put":{"path":"/:action","method":"PUT","return":{"code":200,"schema":{"type":"reference","target":"Message"}},"arguments":{"action":{"in":"path","schema":{"type":"string"}},"payload":{"in":"body","schema":{"type":"reference","target":"Update"}}},"throws":[{"code":999,"schema":{"type":"reference","target":"Message"}}],"description":"","stability":1,"security":[],"authorization":true,"tags":[]},"delete":{"path":"/:action","method":"DELETE","return":{"code":200,"schema":{"type":"reference","target":"Message"}},"arguments":{"action":{"in":"path","schema":{"type":"string"}}},"throws":[{"code":999,"schema":{"type":"reference","target":"Message"}}],"description":"","stability":1,"security":[],"authorization":true,"tags":[]}},"definitions":{"About":{"description":"","type":"struct","properties":{"apiVersion":{"description":"The version of the worker API which is supported","type":"string"},"language":{"description":"The programming language of this worker","type":"string"}}},"Execute":{"description":"","type":"struct","properties":{"connections":{"description":"A map of available connections","type":"map","schema":{"type":"reference","target":"Execute_Connection"}},"request":{"description":"","type":"reference","target":"Execute_Request"},"context":{"description":"","type":"reference","target":"Execute_Context"}}},"Execute_Connection":{"description":"","type":"struct","properties":{"type":{"description":"","type":"string"},"config":{"description":"","type":"string"}}},"Execute_Context":{"description":"","type":"struct","properties":{"operationId":{"description":"","type":"integer"},"baseUrl":{"description":"","type":"string"},"tenantId":{"description":"","type":"string"},"action":{"description":"","type":"string"},"app":{"description":"","type":"reference","target":"Execute_Context_App"},"user":{"description":"","type":"reference","target":"Execute_Context_User"}}},"Execute_Context_App":{"description":"","type":"struct","properties":{"anonymous":{"description":"","type":"boolean"},"id":{"description":"","type":"integer"},"name":{"description":"","type":"string"}}},"Execute_Context_User":{"description":"","type":"struct","properties":{"anonymous":{"description":"","type":"boolean"},"id":{"description":"","type":"integer"},"planId":{"description":"","type":"string"},"name":{"description":"","type":"string"},"email":{"description":"","type":"string"},"points":{"description":"","type":"integer"}}},"Execute_Request":{"description":"","type":"struct","properties":{"arguments":{"description":"","type":"map","schema":{"type":"string"}},"payload":{"description":"","type":"any"},"context":{"description":"","type":"reference","target":"Execute_Request_Context"}}},"Execute_Request_Context":{"description":"","type":"struct","properties":{"type":{"description":"","type":"string"},"uriFragments":{"description":"","type":"map","schema":{"type":"string"}},"method":{"description":"","type":"string"},"path":{"description":"","type":"string"},"queryParameters":{"description":"","type":"map","schema":{"type":"string"}},"headers":{"description":"","type":"map","schema":{"type":"string"}}}},"Message":{"description":"","type":"struct","properties":{"success":{"description":"","type":"boolean"},"message":{"description":"","type":"string"},"trace":{"description":"Optional the complete stack trace of this exception","type":"string"}}},"Response":{"description":"","type":"struct","properties":{"response":{"description":"","type":"reference","target":"Response_HTTP"},"events":{"description":"Optional events which are triggered on invocation of this action","type":"array","schema":{"type":"reference","target":"Response_Event"}},"logs":{"description":"Optional log entries which are generated on invocation of this action","type":"array","schema":{"type":"reference","target":"Response_Log"}}}},"Response_Event":{"description":"","type":"struct","properties":{"eventName":{"description":"","type":"string"},"data":{"description":"","type":"any"}}},"Response_HTTP":{"description":"","type":"struct","properties":{"statusCode":{"description":"","type":"integer"},"headers":{"description":"","type":"map","schema":{"type":"string"}},"body":{"description":"","type":"any"}}},"Response_Log":{"description":"","type":"struct","properties":{"level":{"description":"The log level i.e. error, warning, info, debug","type":"string"},"message":{"description":"","type":"string"}}},"Update":{"description":"","type":"struct","properties":{"code":{"description":"Contains the action worker code","type":"string"}}}}}}