{"fusio/worker":{"baseUrl":"https://api.typehub.cloud/","security":{"type":"oauth2","tokenUrl":"https://api.typehub.cloud/authorization/token","scopes":{"commit":"","default":"","document":"","explore":"","issue":"","pull_request":"","repository":"","star":"","tag":"","trigger":""}},"operations":{"get":{"path":"/","method":"GET","return":{"code":200,"schema":{"$ref":"About"}},"arguments":[],"throws":[{"code":500,"schema":{"$ref":"Message"}}],"description":"","stability":1,"security":[],"authorization":true,"tags":[]},"execute":{"path":"/:action","method":"POST","return":{"code":200,"schema":{"$ref":"Response"}},"arguments":{"action":{"in":"path","schema":{"type":"string"}},"payload":{"in":"body","schema":{"$ref":"Execute"}}},"throws":[{"code":500,"schema":{"$ref":"Message"}}],"description":"","stability":1,"security":[],"authorization":true,"tags":[]},"put":{"path":"/:action","method":"PUT","return":{"code":200,"schema":{"$ref":"Message"}},"arguments":{"action":{"in":"path","schema":{"type":"string"}},"payload":{"in":"body","schema":{"$ref":"Update"}}},"throws":[{"code":500,"schema":{"$ref":"Message"}}],"description":"","stability":1,"security":[],"authorization":true,"tags":[]},"delete":{"path":"/:action","method":"DELETE","return":{"code":200,"schema":{"$ref":"Message"}},"arguments":{"action":{"in":"path","schema":{"type":"string"}}},"throws":[{"code":500,"schema":{"$ref":"Message"}}],"description":"","stability":1,"security":[],"authorization":true,"tags":[]}},"definitions":{"About":{"description":"","type":"object","properties":{"apiVersion":{"description":"The version of the worker API which is supported","type":"string"},"language":{"description":"The programming language of this worker","type":"string"}}},"Execute":{"description":"","type":"object","properties":{"connections":{"description":"A map of available connections","type":"object","additionalProperties":{"$ref":"Execute_Connection"}},"request":{"description":"","$ref":"Execute_Request"},"context":{"description":"","$ref":"Execute_Context"}}},"Execute_Connection":{"description":"","type":"object","properties":{"type":{"description":"","type":"string"},"config":{"description":"","type":"string"}}},"Execute_Context":{"description":"","type":"object","properties":{"operationId":{"description":"","type":"integer"},"baseUrl":{"description":"","type":"string"},"tenantId":{"description":"","type":"string"},"action":{"description":"","type":"string"},"app":{"description":"","$ref":"Execute_Context_App"},"user":{"description":"","$ref":"Execute_Context_User"}}},"Execute_Context_App":{"description":"","type":"object","properties":{"anonymous":{"description":"","type":"boolean"},"id":{"description":"","type":"integer"},"name":{"description":"","type":"string"}}},"Execute_Context_User":{"description":"","type":"object","properties":{"anonymous":{"description":"","type":"boolean"},"id":{"description":"","type":"integer"},"planId":{"description":"","type":"string"},"name":{"description":"","type":"string"},"email":{"description":"","type":"string"},"points":{"description":"","type":"integer"}}},"Execute_Request":{"description":"","type":"object","properties":{"arguments":{"description":"","type":"object","additionalProperties":{"type":"string"}},"payload":{"description":"","type":"any"},"context":{"description":"","$ref":"Execute_Request_Context"}}},"Execute_Request_Context":{"description":"","type":"object","properties":{"type":{"description":"","type":"string"},"uriFragments":{"description":"","type":"object","additionalProperties":{"type":"string"}},"method":{"description":"","type":"string"},"path":{"description":"","type":"string"},"queryParameters":{"description":"","type":"object","additionalProperties":{"type":"string"}},"headers":{"description":"","type":"object","additionalProperties":{"type":"string"}}}},"Message":{"description":"","type":"object","properties":{"success":{"description":"","type":"boolean"},"message":{"description":"","type":"string"},"trace":{"description":"Optional the complete stack trace of this exception","type":"string"}}},"Response":{"description":"","type":"object","properties":{"response":{"description":"","$ref":"Response_HTTP"},"events":{"description":"Optional events which are triggered on invocation of this action","type":"array","items":{"$ref":"Response_Event"}},"logs":{"description":"Optional log entries which are generated on invocation of this action","type":"array","items":{"$ref":"Response_Log"}}}},"Response_Event":{"description":"","type":"object","properties":{"eventName":{"description":"","type":"string"},"data":{"description":"","type":"any"}}},"Response_HTTP":{"description":"","type":"object","properties":{"statusCode":{"description":"","type":"integer"},"headers":{"description":"","type":"object","additionalProperties":{"type":"string"}},"body":{"description":"","type":"any"}}},"Response_Log":{"description":"","type":"object","properties":{"level":{"description":"The log level i.e. error, warning, info, debug","type":"string"},"message":{"description":"","type":"string"}}},"Update":{"description":"","type":"object","properties":{"code":{"description":"Contains the action worker code","type":"string"}}}}}}